
Microsoft Visual Studio Solution File, Format Version 12.00
# Visual Studio Version 16
VisualStudioVersion = 16.0.32602.291
MinimumVisualStudioVersion = 10.0.40219.1
Project("{FAE04EC0-301F-11D3-BF4B-00C04F79EFBC}") = "EcommerceWebApi", "EcommerceWebApi\EcommerceWebApi.csproj", "{630167F1-E03D-4438-BBD1-5AF3EF4D2C2E}"
EndProject
Global
	GlobalSection(SolutionConfigurationPlatforms) = preSolution
		Debug|Any CPU = Debug|Any CPU
		Release|Any CPU = Release|Any CPU
	EndGlobalSection
	GlobalSection(ProjectConfigurationPlatforms) = postSolution
		{630167F1-E03D-4438-BBD1-5AF3EF4D2C2E}.Debug|Any CPU.ActiveCfg = Debug|Any CPU
		{630167F1-E03D-4438-BBD1-5AF3EF4D2C2E}.Debug|Any CPU.Build.0 = Debug|Any CPU
		{630167F1-E03D-4438-BBD1-5AF3EF4D2C2E}.Release|Any CPU.ActiveCfg = Release|Any CPU
		{630167F1-E03D-4438-BBD1-5AF3EF4D2C2E}.Release|Any CPU.Build.0 = Release|Any CPU
	EndGlobalSection
	GlobalSection(SolutionProperties) = preSolution
		HideSolutionNode = FALSE
	EndGlobalSection
	GlobalSection(ExtensibilityGlobals) = postSolution
		SolutionGuid = {329AECD5-3D45-4693-8753-47AD126D8A12}
	EndGlobalSection
EndGlobal
